
Microsoft Visual Studio Solution File, Format Version 11.00
# Visual Studio 2010
Project("{FAE04EC0-301F-11D3-BF4B-00C04F79EFBC}") = "ARKit-RoomModeling", "Assembly-CSharp.csproj", "{714F61ED-5FA8-1A70-9795-649ED5AA65BE}"
EndProject
Project("{FAE04EC0-301F-11D3-BF4B-00C04F79EFBC}") = "ARKit-RoomModeling", "Assembly-CSharp-Editor.csproj", "{D2527449-FC5D-D99D-B284-42A6850E180D}"
EndProject
Global
	GlobalSection(SolutionConfigurationPlatforms) = preSolution
		Debug|Any CPU = Debug|Any CPU
		Release|Any CPU = Release|Any CPU
	EndGlobalSection
	GlobalSection(ProjectConfigurationPlatforms) = postSolution
		{714F61ED-5FA8-1A70-9795-649ED5AA65BE}.Debug|Any CPU.ActiveCfg = Debug|Any CPU
		{714F61ED-5FA8-1A70-9795-649ED5AA65BE}.Debug|Any CPU.Build.0 = Debug|Any CPU
		{714F61ED-5FA8-1A70-9795-649ED5AA65BE}.Release|Any CPU.ActiveCfg = Release|Any CPU
		{714F61ED-5FA8-1A70-9795-649ED5AA65BE}.Release|Any CPU.Build.0 = Release|Any CPU
		{D2527449-FC5D-D99D-B284-42A6850E180D}.Debug|Any CPU.ActiveCfg = Debug|Any CPU
		{D2527449-FC5D-D99D-B284-42A6850E180D}.Debug|Any CPU.Build.0 = Debug|Any CPU
		{D2527449-FC5D-D99D-B284-42A6850E180D}.Release|Any CPU.ActiveCfg = Release|Any CPU
		{D2527449-FC5D-D99D-B284-42A6850E180D}.Release|Any CPU.Build.0 = Release|Any CPU
	EndGlobalSection
	GlobalSection(SolutionProperties) = preSolution
		HideSolutionNode = FALSE
	EndGlobalSection
	GlobalSection(MonoDevelopProperties) = preSolution
		StartupItem = Assembly-CSharp.csproj
	EndGlobalSection
EndGlobal
